{
    "name": "kakomey",
    "version": "0.0.1",
    "lockfileVersion": 1,
    "requires": true,
    "dependencies": {
        "acorn": {
            "version": "2.7.0",
            "resolved": "https://registry.npmjs.org/acorn/-/acorn-2.7.0.tgz",
            "integrity": "sha1-q259nYhqrKiwhbwzEreaGYQz8Oc="
        },
        "acorn-globals": {
            "version": "1.0.9",
            "resolved": "https://registry.npmjs.org/acorn-globals/-/acorn-globals-1.0.9.tgz",
            "integrity": "sha1-VbtemGkVB7dFedBRNBMhfDgMVM8=",
            "requires": {
                "acorn": "^2.1.0"
            }
        },
        "align-text": {
            "version": "0.1.4",
            "resolved": "https://registry.npmjs.org/align-text/-/align-text-0.1.4.tgz",
            "integrity": "sha1-DNkKVhCT810KmSVsIrcGlDP60Rc=",
            "requires": {
                "kind-of": "^3.0.2",
                "longest": "^1.0.1",
                "repeat-string": "^1.5.2"
            }
        },
        "amdefine": {
            "version": "1.0.1",
            "resolved": "https://registry.npmjs.org/amdefine/-/amdefine-1.0.1.tgz",
            "integrity": "sha1-SlKCrBZHKek2Gbz9OtFR+BfOkfU="
        },
        "asap": {
            "version": "1.0.0",
            "resolved": "https://registry.npmjs.org/asap/-/asap-1.0.0.tgz",
            "integrity": "sha1-sqRdpf36ILBJb8N2jMJ8EvqRan0="
        },
        "atob": {
            "version": "2.1.2",
            "resolved": "https://registry.npmjs.org/atob/-/atob-2.1.2.tgz",
            "integrity": "sha512-Wm6ukoaOGJi/73p/cl2GvLjTI5JM1k/O14isD73YML8StrH/7/lRFgmg8nICZgD3bZZvjwCGxtMOD3wWNAu8cg=="
        },
        "balanced-match": {
            "version": "1.0.0",
            "resolved": "https://registry.npmjs.org/balanced-match/-/balanced-match-1.0.0.tgz",
            "integrity": "sha1-ibTRmasr7kneFk6gK4nORi1xt2c="
        },
        "batch": {
            "version": "0.5.0",
            "resolved": "https://registry.npmjs.org/batch/-/batch-0.5.0.tgz",
            "integrity": "sha1-/S4Fp6XWlrTbkxQBPihdj/NVfsM="
        },
        "bluebird": {
            "version": "3.5.1",
            "resolved": "https://registry.npmjs.org/bluebird/-/bluebird-3.5.1.tgz",
            "integrity": "sha512-MKiLiV+I1AA596t9w1sQJ8jkiSr5+ZKi0WKrYGUn6d1Fx+Ij4tIj+m2WMQSGczs5jZVxV339chE8iwk6F64wjA=="
        },
        "brace-expansion": {
            "version": "1.1.11",
            "resolved": "https://registry.npmjs.org/brace-expansion/-/brace-expansion-1.1.11.tgz",
            "integrity": "sha512-iCuPHDFgrHX7H2vEI/5xpz07zSHB00TpugqhmYtVmMO6518mCuRMoOYFldEBl0g187ufozdaHgWKcYFb61qGiA==",
            "requires": {
                "balanced-match": "^1.0.0",
                "concat-map": "0.0.1"
            }
        },
        "bson": {
            "version": "1.1.6",
            "resolved": "https://registry.npmjs.org/bson/-/bson-1.1.6.tgz",
            "integrity": "sha512-EvVNVeGo4tHxwi8L6bPj3y3itEvStdwvvlojVxxbyYfoaxJ6keLgrTuKdyfEAszFK+H3olzBuafE0yoh0D1gdg=="
        },
        "buffer-crc32": {
            "version": "0.2.1",
            "resolved": "https://registry.npmjs.org/buffer-crc32/-/buffer-crc32-0.2.1.tgz",
            "integrity": "sha1-vj5TgvwCttYySVasGvmKqYsIU0w="
        },
        "bytes": {
            "version": "0.2.1",
            "resolved": "https://registry.npmjs.org/bytes/-/bytes-0.2.1.tgz",
            "integrity": "sha1-VVsIq8sGP4l1kFMCUj5M1P/f3zE="
        },
        "camelcase": {
            "version": "1.2.1",
            "resolved": "https://registry.npmjs.org/camelcase/-/camelcase-1.2.1.tgz",
            "integrity": "sha1-m7UwTS4LVmmLLHWLCKPqqdqlijk="
        },
        "center-align": {
            "version": "0.1.3",
            "resolved": "https://registry.npmjs.org/center-align/-/center-align-0.1.3.tgz",
            "integrity": "sha1-qg0yYptu6XIgBBHL1EYckHvCt60=",
            "requires": {
                "align-text": "^0.1.3",
                "lazy-cache": "^1.0.3"
            }
        },
        "character-parser": {
            "version": "1.2.1",
            "resolved": "https://registry.npmjs.org/character-parser/-/character-parser-1.2.1.tgz",
            "integrity": "sha1-wN3kqxgnE7kZuXCVmhI+zBow/NY="
        },
        "clean-css": {
            "version": "3.4.28",
            "resolved": "https://registry.npmjs.org/clean-css/-/clean-css-3.4.28.tgz",
            "integrity": "sha1-vxlF6C/ICPVWlebd6uwBQA79A/8=",
            "requires": {
                "commander": "2.8.x",
                "source-map": "0.4.x"
            },
            "dependencies": {
                "commander": {
                    "version": "2.8.1",
                    "resolved": "https://registry.npmjs.org/commander/-/commander-2.8.1.tgz",
                    "integrity": "sha1-Br42f+v9oMMwqh4qBy09yXYkJdQ=",
                    "requires": {
                        "graceful-readlink": ">= 1.0.0"
                    }
                }
            }
        },
        "cliui": {
            "version": "2.1.0",
            "resolved": "https://registry.npmjs.org/cliui/-/cliui-2.1.0.tgz",
            "integrity": "sha1-S0dXYP+AJkx2LDoXGQMukcf+oNE=",
            "requires": {
                "center-align": "^0.1.1",
                "right-align": "^0.1.1",
                "wordwrap": "0.0.2"
            },
            "dependencies": {
                "wordwrap": {
                    "version": "0.0.2",
                    "resolved": "https://registry.npmjs.org/wordwrap/-/wordwrap-0.0.2.tgz",
                    "integrity": "sha1-t5Zpu0LstAn4PVg8rVLKF+qhZD8="
                }
            }
        },
        "commander": {
            "version": "1.3.2",
            "resolved": "https://registry.npmjs.org/commander/-/commander-1.3.2.tgz",
            "integrity": "sha1-io8w7GcKb91kr1LxkUuQfXnq1bU=",
            "requires": {
                "keypress": "0.1.x"
            }
        },
        "concat-map": {
            "version": "0.0.1",
            "resolved": "https://registry.npmjs.org/concat-map/-/concat-map-0.0.1.tgz",
            "integrity": "sha1-2Klr13/Wjfd5OnMDajug1UBdR3s="
        },
        "connect": {
            "version": "2.12.0",
            "resolved": "https://registry.npmjs.org/connect/-/connect-2.12.0.tgz",
            "integrity": "sha1-Mdj6DcrN8ZCNgivSkjvootKn7Zo=",
            "requires": {
                "batch": "0.5.0",
                "buffer-crc32": "0.2.1",
                "bytes": "0.2.1",
                "cookie": "0.1.0",
                "cookie-signature": "1.0.1",
                "debug": ">= 0.7.3 < 1",
                "fresh": "0.2.0",
                "methods": "0.1.0",
                "multiparty": "2.2.0",
                "negotiator": "0.3.0",
                "pause": "0.0.1",
                "qs": "0.6.6",
                "raw-body": "1.1.2",
                "send": "0.1.4",
                "uid2": "0.0.3"
            }
        },
        "constantinople": {
            "version": "3.0.2",
            "resolved": "https://registry.npmjs.org/constantinople/-/constantinople-3.0.2.tgz",
            "integrity": "sha1-S5RdmTeQe82Y7ldRIsOBdRZUQUE=",
            "requires": {
                "acorn": "^2.1.0"
            }
        },
        "cookie": {
            "version": "0.1.0",
            "resolved": "https://registry.npmjs.org/cookie/-/cookie-0.1.0.tgz",
            "integrity": "sha1-kOtGndzpBchm3mh+/EMTHYgB+dA="
        },
        "cookie-signature": {
            "version": "1.0.1",
            "resolved": "https://registry.npmjs.org/cookie-signature/-/cookie-signature-1.0.1.tgz",
            "integrity": "sha1-ROByFIrwHm6OJK+/EmkNaK5pjss="
        },
        "core-util-is": {
            "version": "1.0.2",
            "resolved": "https://registry.npmjs.org/core-util-is/-/core-util-is-1.0.2.tgz",
            "integrity": "sha1-tf1UIgqivFq1eqtxQMlAdUUDwac="
        },
        "css": {
            "version": "1.0.8",
            "resolved": "https://registry.npmjs.org/css/-/css-1.0.8.tgz",
            "integrity": "sha1-k4aBHKgrzMnuf7WnMrHioxfIo+c=",
            "requires": {
                "css-parse": "1.0.4",
                "css-stringify": "1.0.5"
            }
        },
        "css-parse": {
            "version": "1.0.4",
            "resolved": "https://registry.npmjs.org/css-parse/-/css-parse-1.0.4.tgz",
            "integrity": "sha1-OLBQP7+dqfVOnB29pg4UXHcRe90="
        },
        "css-stringify": {
            "version": "1.0.5",
            "resolved": "https://registry.npmjs.org/css-stringify/-/css-stringify-1.0.5.tgz",
            "integrity": "sha1-sNBClG2ylTu50pKQCmy19tASIDE="
        },
        "debug": {
            "version": "0.8.1",
            "resolved": "https://registry.npmjs.org/debug/-/debug-0.8.1.tgz",
            "integrity": "sha1-IP9NJvXkIstoobrLu2EDmtjBwTA="
        },
        "decamelize": {
            "version": "1.2.0",
            "resolved": "https://registry.npmjs.org/decamelize/-/decamelize-1.2.0.tgz",
            "integrity": "sha1-9lNNFRSCabIDUue+4m9QH5oZEpA="
        },
        "decode-uri-component": {
            "version": "0.2.0",
            "resolved": "https://registry.npmjs.org/decode-uri-component/-/decode-uri-component-0.2.0.tgz",
            "integrity": "sha1-6zkTMzRYd1y4TNGh+uBiEGu4dUU="
        },
        "express": {
            "version": "3.4.7",
            "resolved": "https://registry.npmjs.org/express/-/express-3.4.7.tgz",
            "integrity": "sha1-O5OcR9KqRN/s931Q2iEjxb0xM2Y=",
            "requires": {
                "buffer-crc32": "0.2.1",
                "commander": "1.3.2",
                "connect": "2.12.0",
                "cookie": "0.1.0",
                "cookie-signature": "1.0.1",
                "debug": ">= 0.7.3 < 1",
                "fresh": "0.2.0",
                "merge-descriptors": "0.0.1",
                "methods": "0.1.0",
                "mkdirp": "0.3.5",
                "range-parser": "0.0.4",
                "send": "0.1.4"
            }
        },
        "fresh": {
            "version": "0.2.0",
            "resolved": "https://registry.npmjs.org/fresh/-/fresh-0.2.0.tgz",
            "integrity": "sha1-v9lALPPfEsSkwxDHn5mj3eE9NKc="
        },
        "fs.realpath": {
            "version": "1.0.0",
            "resolved": "https://registry.npmjs.org/fs.realpath/-/fs.realpath-1.0.0.tgz",
            "integrity": "sha1-FQStJSMVjKpA20onh8sBQRmU6k8="
        },
        "glob": {
            "version": "7.1.6",
            "resolved": "https://registry.npmjs.org/glob/-/glob-7.1.6.tgz",
            "integrity": "sha512-LwaxwyZ72Lk7vZINtNNrywX0ZuLyStrdDtabefZKAY5ZGJhVtgdznluResxNmPitE0SAO+O26sWTHeKSI2wMBA==",
            "requires": {
                "fs.realpath": "^1.0.0",
                "inflight": "^1.0.4",
                "inherits": "2",
                "minimatch": "^3.0.4",
                "once": "^1.3.0",
                "path-is-absolute": "^1.0.0"
            }
        },
        "graceful-readlink": {
            "version": "1.0.1",
            "resolved": "https://registry.npmjs.org/graceful-readlink/-/graceful-readlink-1.0.1.tgz",
            "integrity": "sha1-TK+tdrxi8C+gObL5Tpo906ORpyU="
        },
        "inflight": {
            "version": "1.0.6",
            "resolved": "https://registry.npmjs.org/inflight/-/inflight-1.0.6.tgz",
            "integrity": "sha1-Sb1jMdfQLQwJvJEKEHW6gWW1bfk=",
            "requires": {
                "once": "^1.3.0",
                "wrappy": "1"
            }
        },
        "inherits": {
            "version": "2.0.4",
            "resolved": "https://registry.npmjs.org/inherits/-/inherits-2.0.4.tgz",
            "integrity": "sha512-k/vGaX4/Yla3WzyMCvTQOXYeIHvqOKtnqBduzTHpzpQZzAskKMhZ2K+EnBiSM9zGSoIFeMpXKxa4dYeZIQqewQ=="
        },
        "is-buffer": {
            "version": "1.1.6",
            "resolved": "https://registry.npmjs.org/is-buffer/-/is-buffer-1.1.6.tgz",
            "integrity": "sha512-NcdALwpXkTm5Zvvbk7owOUSvVvBKDgKP5/ewfXEznmQFfs4ZRmanOeKBTjRVjka3QFoN6XJ+9F3USqfHqTaU5w=="
        },
        "is-promise": {
            "version": "2.1.0",
            "resolved": "https://registry.npmjs.org/is-promise/-/is-promise-2.1.0.tgz",
            "integrity": "sha1-eaKp7OfwlugPNtKy87wWwf9L8/o="
        },
        "isarray": {
            "version": "0.0.1",
            "resolved": "https://registry.npmjs.org/isarray/-/isarray-0.0.1.tgz",
            "integrity": "sha1-ihis/Kmo9Bd+Cav8YDiTmwXR7t8="
        },
        "jade": {
            "version": "1.11.0",
            "resolved": "https://registry.npmjs.org/jade/-/jade-1.11.0.tgz",
            "integrity": "sha1-nIDlOMEtP7lcjZu5VZ+gzAQEBf0=",
            "requires": {
                "character-parser": "1.2.1",
                "clean-css": "^3.1.9",
                "commander": "~2.6.0",
                "constantinople": "~3.0.1",
                "jstransformer": "0.0.2",
                "mkdirp": "~0.5.0",
                "transformers": "2.1.0",
                "uglify-js": "^2.4.19",
                "void-elements": "~2.0.1",
                "with": "~4.0.0"
            },
            "dependencies": {
                "commander": {
                    "version": "2.6.0",
                    "resolved": "https://registry.npmjs.org/commander/-/commander-2.6.0.tgz",
                    "integrity": "sha1-nfflL7Kgyw+4kFjugMMQQiXzfh0="
                },
                "mkdirp": {
                    "version": "0.5.1",
                    "resolved": "https://registry.npmjs.org/mkdirp/-/mkdirp-0.5.1.tgz",
                    "integrity": "sha1-MAV0OOrGz3+MR2fzhkjWaX11yQM=",
                    "requires": {
                        "minimist": "0.0.8"
                    }
                }
            }
        },
        "jstransformer": {
            "version": "0.0.2",
            "resolved": "https://registry.npmjs.org/jstransformer/-/jstransformer-0.0.2.tgz",
            "integrity": "sha1-eq4pqQPRls+glz2IXT5HlH7Ndqs=",
            "requires": {
                "is-promise": "^2.0.0",
                "promise": "^6.0.1"
            }
        },
        "kareem": {
            "version": "2.3.1",
            "resolved": "https://registry.npmjs.org/kareem/-/kareem-2.3.1.tgz",
            "integrity": "sha512-l3hLhffs9zqoDe8zjmb/mAN4B8VT3L56EUvKNqLFVs9YlFA+zx7ke1DO8STAdDyYNkeSo1nKmjuvQeI12So8Xw=="
        },
        "keypress": {
            "version": "0.1.0",
            "resolved": "https://registry.npmjs.org/keypress/-/keypress-0.1.0.tgz",
            "integrity": "sha1-SjGI1CkbZrT2XtuZ+AaqmuKTWSo="
        },
        "kind-of": {
            "version": "3.2.2",
            "resolved": "https://registry.npmjs.org/kind-of/-/kind-of-3.2.2.tgz",
            "integrity": "sha1-MeohpzS6ubuw8yRm2JOupR5KPGQ=",
            "requires": {
                "is-buffer": "^1.1.5"
            }
        },
        "lazy-cache": {
            "version": "1.0.4",
            "resolved": "https://registry.npmjs.org/lazy-cache/-/lazy-cache-1.0.4.tgz",
            "integrity": "sha1-odePw6UEdMuAhF07O24dpJpEbo4="
        },
        "longest": {
            "version": "1.0.1",
            "resolved": "https://registry.npmjs.org/longest/-/longest-1.0.1.tgz",
            "integrity": "sha1-MKCy2jj3N3DoKUoNIuZiXtd9AJc="
        },
        "memory-pager": {
            "version": "1.5.0",
            "resolved": "https://registry.npmjs.org/memory-pager/-/memory-pager-1.5.0.tgz",
            "integrity": "sha512-ZS4Bp4r/Zoeq6+NLJpP+0Zzm0pR8whtGPf1XExKLJBAczGMnSi3It14OiNCStjQjM6NU1okjQGSxgEZN8eBYKg==",
            "optional": true
        },
        "merge-descriptors": {
            "version": "0.0.1",
            "resolved": "https://registry.npmjs.org/merge-descriptors/-/merge-descriptors-0.0.1.tgz",
            "integrity": "sha1-L/CYDJJM+B0LXR+2ARd8uLtWwNA="
        },
        "methods": {
            "version": "0.1.0",
            "resolved": "https://registry.npmjs.org/methods/-/methods-0.1.0.tgz",
            "integrity": "sha1-M11Cnu/SG3us8unJIqjSvRSjDk8="
        },
        "mime": {
            "version": "1.2.11",
            "resolved": "https://registry.npmjs.org/mime/-/mime-1.2.11.tgz",
            "integrity": "sha1-WCA+7Ybjpe8XrtK32evUfwpg3RA="
        },
        "minimatch": {
            "version": "3.0.4",
            "resolved": "https://registry.npmjs.org/minimatch/-/minimatch-3.0.4.tgz",
            "integrity": "sha512-yJHVQEhyqPLUTgt9B83PXu6W3rx4MvvHvSUvToogpwoGDOUQ+yDrR0HRot+yOCdCO7u4hX3pWft6kWBBcqh0UA==",
            "requires": {
                "brace-expansion": "^1.1.7"
            }
        },
        "minimist": {
            "version": "0.0.8",
            "resolved": "https://registry.npmjs.org/minimist/-/minimist-0.0.8.tgz",
            "integrity": "sha1-hX/Kv8M5fSYluCKCYuhqp6ARsF0="
        },
        "mkdirp": {
            "version": "0.3.5",
            "resolved": "https://registry.npmjs.org/mkdirp/-/mkdirp-0.3.5.tgz",
            "integrity": "sha1-3j5fiWHIjHh+4TaN+EmsRBPsqNc="
        },
        "mongodb": {
            "version": "3.4.1",
            "resolved": "https://registry.npmjs.org/mongodb/-/mongodb-3.4.1.tgz",
            "integrity": "sha512-juqt5/Z42J4DcE7tG7UdVaTKmUC6zinF4yioPfpeOSNBieWSK6qCY+0tfGQcHLKrauWPDdMZVROHJOa8q2pWsA==",
            "requires": {
                "bson": "^1.1.1",
                "require_optional": "^1.0.1",
                "safe-buffer": "^5.1.2",
                "saslprep": "^1.0.0"
            }
        },
        "mongoose": {
            "version": "5.8.11",
            "resolved": "https://registry.npmjs.org/mongoose/-/mongoose-5.8.11.tgz",
            "integrity": "sha512-Yz0leNEJsAtNtMTxTDEadacLWt58gaVeBVL3c1Z3vaBoc159aJqlf+T8jaL9mAdBxKndF5YWhh6Q719xac7cjA==",
            "requires": {
                "bson": "~1.1.1",
                "kareem": "2.3.1",
                "mongodb": "3.4.1",
                "mongoose-legacy-pluralize": "1.0.2",
                "mpath": "0.6.0",
                "mquery": "3.2.2",
                "ms": "2.1.2",
                "regexp-clone": "1.0.0",
                "safe-buffer": "5.1.2",
                "sift": "7.0.1",
                "sliced": "1.0.1"
            }
        },
        "mongoose-legacy-pluralize": {
            "version": "1.0.2",
            "resolved": "https://registry.npmjs.org/mongoose-legacy-pluralize/-/mongoose-legacy-pluralize-1.0.2.tgz",
            "integrity": "sha512-Yo/7qQU4/EyIS8YDFSeenIvXxZN+ld7YdV9LqFVQJzTLye8unujAWPZ4NWKfFA+RNjh+wvTWKY9Z3E5XM6ZZiQ=="
        },
        "mpath": {
            "version": "0.6.0",
            "resolved": "https://registry.npmjs.org/mpath/-/mpath-0.6.0.tgz",
            "integrity": "sha512-i75qh79MJ5Xo/sbhxrDrPSEG0H/mr1kcZXJ8dH6URU5jD/knFxCVqVC/gVSW7GIXL/9hHWlT9haLbCXWOll3qw=="
        },
        "mquery": {
            "version": "3.2.2",
            "resolved": "https://registry.npmjs.org/mquery/-/mquery-3.2.2.tgz",
            "integrity": "sha512-XB52992COp0KP230I3qloVUbkLUxJIu328HBP2t2EsxSFtf4W1HPSOBWOXf1bqxK4Xbb66lfMJ+Bpfd9/yZE1Q==",
            "requires": {
                "bluebird": "3.5.1",
                "debug": "3.1.0",
                "regexp-clone": "^1.0.0",
                "safe-buffer": "5.1.2",
                "sliced": "1.0.1"
            },
            "dependencies": {
                "debug": {
                    "version": "3.1.0",
                    "resolved": "https://registry.npmjs.org/debug/-/debug-3.1.0.tgz",
                    "integrity": "sha512-OX8XqP7/1a9cqkxYw2yXss15f26NKWBpDXQd0/uK/KPqdQhxbPa994hnzjcE2VqQpDslf55723cKPUOGSmMY3g==",
                    "requires": {
                        "ms": "2.0.0"
                    }
                },
                "ms": {
                    "version": "2.0.0",
                    "resolved": "https://registry.npmjs.org/ms/-/ms-2.0.0.tgz",
                    "integrity": "sha1-VgiurfwAvmwpAd9fmGF4jeDVl8g="
                }
            }
        },
        "ms": {
            "version": "2.1.2",
            "resolved": "https://registry.npmjs.org/ms/-/ms-2.1.2.tgz",
            "integrity": "sha512-sGkPx+VjMtmA6MX27oA4FBFELFCZZ4S4XqeGOXCv68tT+jb3vk/RyaKWP0PTKyWtmLSM0b+adUTEvbs1PEaH2w=="
        },
        "multiparty": {
            "version": "2.2.0",
            "resolved": "https://registry.npmjs.org/multiparty/-/multiparty-2.2.0.tgz",
            "integrity": "sha1-pWfCrwAK0i3I8qZT2Rl4rh9TFvQ=",
            "requires": {
                "readable-stream": "~1.1.9",
                "stream-counter": "~0.2.0"
            }
        },
        "negotiator": {
            "version": "0.3.0",
            "resolved": "https://registry.npmjs.org/negotiator/-/negotiator-0.3.0.tgz",
            "integrity": "sha1-cG1pLv7d9XTVfqn7GriaT6fuj2A="
        },
        "once": {
            "version": "1.4.0",
            "resolved": "https://registry.npmjs.org/once/-/once-1.4.0.tgz",
            "integrity": "sha1-WDsap3WWHUsROsF9nFC6753Xa9E=",
            "requires": {
                "wrappy": "1"
            }
        },
        "optimist": {
            "version": "0.3.7",
            "resolved": "https://registry.npmjs.org/optimist/-/optimist-0.3.7.tgz",
            "integrity": "sha1-yQlBrVnkJzMokjB00s8ufLxuwNk=",
            "requires": {
                "wordwrap": "~0.0.2"
            }
        },
        "path-is-absolute": {
            "version": "1.0.1",
            "resolved": "https://registry.npmjs.org/path-is-absolute/-/path-is-absolute-1.0.1.tgz",
            "integrity": "sha1-F0uSaHNVNP+8es5r9TpanhtcX18="
        },
        "pause": {
            "version": "0.0.1",
            "resolved": "https://registry.npmjs.org/pause/-/pause-0.0.1.tgz",
            "integrity": "sha1-HUCLP9t2kjuVQ9lvtMnf1TXZy10="
        },
        "promise": {
            "version": "6.1.0",
            "resolved": "https://registry.npmjs.org/promise/-/promise-6.1.0.tgz",
            "integrity": "sha1-LOcp9rlLRcJoka0GAsXJDgTG7vY=",
            "requires": {
                "asap": "~1.0.0"
            }
        },
        "qs": {
            "version": "0.6.6",
            "resolved": "https://registry.npmjs.org/qs/-/qs-0.6.6.tgz",
            "integrity": "sha1-bgFQmP9RlouKPIGQAdXyyJvEsQc="
        },
        "range-parser": {
            "version": "0.0.4",
            "resolved": "https://registry.npmjs.org/range-parser/-/range-parser-0.0.4.tgz",
            "integrity": "sha1-wEJ//vUcEKy6B4KkbJYC50T/Ygs="
        },
        "raw-body": {
            "version": "1.1.2",
            "resolved": "https://registry.npmjs.org/raw-body/-/raw-body-1.1.2.tgz",
            "integrity": "sha1-x0swBN6l3v0WlhcRBqx0DsMdYr4=",
            "requires": {
                "bytes": "~0.2.1"
            }
        },
        "readable-stream": {
            "version": "1.1.14",
            "resolved": "https://registry.npmjs.org/readable-stream/-/readable-stream-1.1.14.tgz",
            "integrity": "sha1-fPTFTvZI44EwhMY23SB54WbAgdk=",
            "requires": {
                "core-util-is": "~1.0.0",
                "inherits": "~2.0.1",
                "isarray": "0.0.1",
                "string_decoder": "~0.10.x"
            }
        },
        "regexp-clone": {
            "version": "1.0.0",
            "resolved": "https://registry.npmjs.org/regexp-clone/-/regexp-clone-1.0.0.tgz",
            "integrity": "sha512-TuAasHQNamyyJ2hb97IuBEif4qBHGjPHBS64sZwytpLEqtBQ1gPJTnOaQ6qmpET16cK14kkjbazl6+p0RRv0yw=="
        },
        "repeat-string": {
            "version": "1.6.1",
            "resolved": "https://registry.npmjs.org/repeat-string/-/repeat-string-1.6.1.tgz",
            "integrity": "sha1-jcrkcOHIirwtYA//Sndihtp15jc="
        },
        "require_optional": {
            "version": "1.0.1",
            "resolved": "https://registry.npmjs.org/require_optional/-/require_optional-1.0.1.tgz",
            "integrity": "sha512-qhM/y57enGWHAe3v/NcwML6a3/vfESLe/sGM2dII+gEO0BpKRUkWZow/tyloNqJyN6kXSl3RyyM8Ll5D/sJP8g==",
            "requires": {
                "resolve-from": "^2.0.0",
                "semver": "^5.1.0"
            }
        },
        "resolve-from": {
            "version": "2.0.0",
            "resolved": "https://registry.npmjs.org/resolve-from/-/resolve-from-2.0.0.tgz",
            "integrity": "sha1-lICrIOlP+h2egKgEx+oUdhGWa1c="
        },
        "resolve-url": {
            "version": "0.2.1",
            "resolved": "https://registry.npmjs.org/resolve-url/-/resolve-url-0.2.1.tgz",
            "integrity": "sha1-LGN/53yJOv0qZj/iGqkIAGjiBSo="
        },
        "right-align": {
            "version": "0.1.3",
            "resolved": "https://registry.npmjs.org/right-align/-/right-align-0.1.3.tgz",
            "integrity": "sha1-YTObci/mo1FWiSENJOFMlhSGE+8=",
            "requires": {
                "align-text": "^0.1.1"
            }
        },
        "safe-buffer": {
            "version": "5.1.2",
            "resolved": "https://registry.npmjs.org/safe-buffer/-/safe-buffer-5.1.2.tgz",
            "integrity": "sha512-Gd2UZBJDkXlY7GbJxfsE8/nvKkUEU1G38c1siN6QP6a9PT9MmHB8GnpscSmMJSoF8LOIrt8ud/wPtojys4G6+g=="
        },
        "safer-buffer": {
            "version": "2.1.2",
            "resolved": "https://registry.npmjs.org/safer-buffer/-/safer-buffer-2.1.2.tgz",
            "integrity": "sha512-YZo3K82SD7Riyi0E1EQPojLz7kpepnSQI9IyPbHHg1XXXevb5dJI7tpyN2ADxGcQbHG7vcyRHk0cbwqcQriUtg=="
        },
        "saslprep": {
            "version": "1.0.3",
            "resolved": "https://registry.npmjs.org/saslprep/-/saslprep-1.0.3.tgz",
            "integrity": "sha512-/MY/PEMbk2SuY5sScONwhUDsV2p77Znkb/q3nSVstq/yQzYJOH/Azh29p9oJLsl3LnQwSvZDKagDGBsBwSooag==",
            "optional": true,
            "requires": {
                "sparse-bitfield": "^3.0.3"
            }
        },
        "sax": {
            "version": "1.2.4",
            "resolved": "https://registry.npmjs.org/sax/-/sax-1.2.4.tgz",
            "integrity": "sha512-NqVDv9TpANUjFm0N8uM5GxL36UgKi9/atZw+x7YFnQ8ckwFGKrl4xX4yWtrey3UJm5nP1kUbnYgLopqWNSRhWw=="
        },
        "semver": {
            "version": "5.7.1",
            "resolved": "https://registry.npmjs.org/semver/-/semver-5.7.1.tgz",
            "integrity": "sha512-sauaDf/PZdVgrLTNYHRtpXa1iRiKcaebiKQ1BJdpQlWH2lCvexQdX55snPFyK7QzpudqbCI0qXFfOasHdyNDGQ=="
        },
        "send": {
            "version": "0.1.4",
            "resolved": "https://registry.npmjs.org/send/-/send-0.1.4.tgz",
            "integrity": "sha1-vnDY0b4B3mGCGvE3gLUDRaT3Gr0=",
            "requires": {
                "debug": "*",
                "fresh": "0.2.0",
                "mime": "~1.2.9",
                "range-parser": "0.0.4"
            }
        },
        "sift": {
            "version": "7.0.1",
            "resolved": "https://registry.npmjs.org/sift/-/sift-7.0.1.tgz",
            "integrity": "sha512-oqD7PMJ+uO6jV9EQCl0LrRw1OwsiPsiFQR5AR30heR+4Dl7jBBbDLnNvWiak20tzZlSE1H7RB30SX/1j/YYT7g=="
        },
        "sliced": {
            "version": "1.0.1",
            "resolved": "https://registry.npmjs.org/sliced/-/sliced-1.0.1.tgz",
            "integrity": "sha1-CzpmK10Ewxd7GSa+qCsD+Dei70E="
        },
        "source-map": {
            "version": "0.4.4",
            "resolved": "https://registry.npmjs.org/source-map/-/source-map-0.4.4.tgz",
            "integrity": "sha1-66T12pwNyZneaAMti092FzZSA2s=",
            "requires": {
                "amdefine": ">=0.0.4"
            }
        },
        "source-map-resolve": {
            "version": "0.5.3",
            "resolved": "https://registry.npmjs.org/source-map-resolve/-/source-map-resolve-0.5.3.tgz",
            "integrity": "sha512-Htz+RnsXWk5+P2slx5Jh3Q66vhQj1Cllm0zvnaY98+NFx+Dv2CF/f5O/t8x+KaNdrdIAsruNzoh/KpialbqAnw==",
            "requires": {
                "atob": "^2.1.2",
                "decode-uri-component": "^0.2.0",
                "resolve-url": "^0.2.1",
                "source-map-url": "^0.4.0",
                "urix": "^0.1.0"
            }
        },
        "source-map-url": {
            "version": "0.4.0",
            "resolved": "https://registry.npmjs.org/source-map-url/-/source-map-url-0.4.0.tgz",
            "integrity": "sha1-PpNdfd1zYxuXZZlW1VEo6HtQhKM="
        },
        "sparse-bitfield": {
            "version": "3.0.3",
            "resolved": "https://registry.npmjs.org/sparse-bitfield/-/sparse-bitfield-3.0.3.tgz",
            "integrity": "sha1-/0rm5oZWBWuks+eSqzM004JzyhE=",
            "optional": true,
            "requires": {
                "memory-pager": "^1.0.2"
            }
        },
        "stream-counter": {
            "version": "0.2.0",
            "resolved": "https://registry.npmjs.org/stream-counter/-/stream-counter-0.2.0.tgz",
            "integrity": "sha1-3tJmVWMZyLDiIoErnPOyb6fZR94=",
            "requires": {
                "readable-stream": "~1.1.8"
            }
        },
        "string_decoder": {
            "version": "0.10.31",
            "resolved": "https://registry.npmjs.org/string_decoder/-/string_decoder-0.10.31.tgz",
            "integrity": "sha1-YuIDvEF2bGwoyfyEMB2rHFMQ+pQ="
        },
        "stylus": {
            "version": "0.54.7",
            "resolved": "https://registry.npmjs.org/stylus/-/stylus-0.54.7.tgz",
            "integrity": "sha512-Yw3WMTzVwevT6ZTrLCYNHAFmanMxdylelL3hkWNgPMeTCpMwpV3nXjpOHuBXtFv7aiO2xRuQS6OoAdgkNcSNug==",
            "requires": {
                "css-parse": "~2.0.0",
                "debug": "~3.1.0",
                "glob": "^7.1.3",
                "mkdirp": "~0.5.x",
                "safer-buffer": "^2.1.2",
                "sax": "~1.2.4",
                "semver": "^6.0.0",
                "source-map": "^0.7.3"
            },
            "dependencies": {
                "css": {
                    "version": "2.2.4",
                    "resolved": "https://registry.npmjs.org/css/-/css-2.2.4.tgz",
                    "integrity": "sha512-oUnjmWpy0niI3x/mPL8dVEI1l7MnG3+HHyRPHf+YFSbK+svOhXpmSOcDURUh2aOCgl2grzrOPt1nHLuCVFULLw==",
                    "requires": {
                        "inherits": "^2.0.3",
                        "source-map": "^0.6.1",
                        "source-map-resolve": "^0.5.2",
                        "urix": "^0.1.0"
                    },
                    "dependencies": {
                        "source-map": {
                            "version": "0.6.1",
                            "resolved": "https://registry.npmjs.org/source-map/-/source-map-0.6.1.tgz",
                            "integrity": "sha512-UjgapumWlbMhkBgzT7Ykc5YXUT46F0iKu8SGXq0bcwP5dz/h0Plj6enJqjz1Zbq2l5WaqYnrVbwWOWMyF3F47g=="
                        }
                    }
                },
                "css-parse": {
                    "version": "2.0.0",
                    "resolved": "https://registry.npmjs.org/css-parse/-/css-parse-2.0.0.tgz",
                    "integrity": "sha1-pGjuZnwW2BzPBcWMONKpfHgNv9Q=",
                    "requires": {
                        "css": "^2.0.0"
                    }
                },
                "debug": {
                    "version": "3.1.0",
                    "resolved": "https://registry.npmjs.org/debug/-/debug-3.1.0.tgz",
                    "integrity": "sha512-OX8XqP7/1a9cqkxYw2yXss15f26NKWBpDXQd0/uK/KPqdQhxbPa994hnzjcE2VqQpDslf55723cKPUOGSmMY3g==",
                    "requires": {
                        "ms": "2.0.0"
                    }
                },
                "mkdirp": {
                    "version": "0.5.1",
                    "resolved": "https://registry.npmjs.org/mkdirp/-/mkdirp-0.5.1.tgz",
                    "integrity": "sha1-MAV0OOrGz3+MR2fzhkjWaX11yQM=",
                    "requires": {
                        "minimist": "0.0.8"
                    }
                },
                "ms": {
                    "version": "2.0.0",
                    "resolved": "https://registry.npmjs.org/ms/-/ms-2.0.0.tgz",
                    "integrity": "sha1-VgiurfwAvmwpAd9fmGF4jeDVl8g="
                },
                "semver": {
                    "version": "6.3.0",
                    "resolved": "https://registry.npmjs.org/semver/-/semver-6.3.0.tgz",
                    "integrity": "sha512-b39TBaTSfV6yBrapU89p5fKekE2m/NwnDocOVruQFS1/veMgdzuPcnOM34M6CwxW8jH/lxEa5rBoDeUwu5HHTw=="
                },
                "source-map": {
                    "version": "0.7.3",
                    "resolved": "https://registry.npmjs.org/source-map/-/source-map-0.7.3.tgz",
                    "integrity": "sha512-CkCj6giN3S+n9qrYiBTX5gystlENnRW5jZeNLHpe6aue+SrHcG5VYwujhW9s4dY31mEGsxBDrHR6oI69fTXsaQ=="
                }
            }
        },
        "transformers": {
            "version": "2.1.0",
            "resolved": "https://registry.npmjs.org/transformers/-/transformers-2.1.0.tgz",
            "integrity": "sha1-XSPLNVYd2F3Gf7hIIwm0fVPM6ac=",
            "requires": {
                "css": "~1.0.8",
                "promise": "~2.0",
                "uglify-js": "~2.2.5"
            },
            "dependencies": {
                "is-promise": {
                    "version": "1.0.1",
                    "resolved": "https://registry.npmjs.org/is-promise/-/is-promise-1.0.1.tgz",
                    "integrity": "sha1-MVc3YcBX4zwukaq56W2gjO++duU="
                },
                "promise": {
                    "version": "2.0.0",
                    "resolved": "https://registry.npmjs.org/promise/-/promise-2.0.0.tgz",
                    "integrity": "sha1-RmSKqdYFr10ucMMCS/WUNtoCuA4=",
                    "requires": {
                        "is-promise": "~1"
                    }
                },
                "source-map": {
                    "version": "0.1.43",
                    "resolved": "https://registry.npmjs.org/source-map/-/source-map-0.1.43.tgz",
                    "integrity": "sha1-wkvBRspRfBRx9drL4lcbK3+eM0Y=",
                    "requires": {
                        "amdefine": ">=0.0.4"
                    }
                },
                "uglify-js": {
                    "version": "2.2.5",
                    "resolved": "https://registry.npmjs.org/uglify-js/-/uglify-js-2.2.5.tgz",
                    "integrity": "sha1-puAqcNg5eSuXgEiLe4sYTAlcmcc=",
                    "requires": {
                        "optimist": "~0.3.5",
                        "source-map": "~0.1.7"
                    }
                }
            }
        },
        "uglify-js": {
            "version": "2.8.29",
            "resolved": "https://registry.npmjs.org/uglify-js/-/uglify-js-2.8.29.tgz",
            "integrity": "sha1-KcVzMUgFe7Th913zW3qcty5qWd0=",
            "requires": {
                "source-map": "~0.5.1",
                "uglify-to-browserify": "~1.0.0",
                "yargs": "~3.10.0"
            },
            "dependencies": {
                "source-map": {
                    "version": "0.5.7",
                    "resolved": "https://registry.npmjs.org/source-map/-/source-map-0.5.7.tgz",
                    "integrity": "sha1-igOdLRAh0i0eoUyA2OpGi6LvP8w="
                }
            }
        },
        "uglify-to-browserify": {
            "version": "1.0.2",
            "resolved": "https://registry.npmjs.org/uglify-to-browserify/-/uglify-to-browserify-1.0.2.tgz",
            "integrity": "sha1-bgkk1r2mta/jSeOabWMoUKD4grc=",
            "optional": true
        },
        "uid2": {
            "version": "0.0.3",
            "resolved": "https://registry.npmjs.org/uid2/-/uid2-0.0.3.tgz",
            "integrity": "sha1-SDEm4Rd03y9xuLY53NeZw3YWK4I="
        },
        "urix": {
            "version": "0.1.0",
            "resolved": "https://registry.npmjs.org/urix/-/urix-0.1.0.tgz",
            "integrity": "sha1-2pN/emLiH+wf0Y1Js1wpNQZ6bHI="
        },
        "void-elements": {
            "version": "2.0.1",
            "resolved": "https://registry.npmjs.org/void-elements/-/void-elements-2.0.1.tgz",
            "integrity": "sha1-wGavtYK7HLQSjWDqkjkulNXp2+w="
        },
        "window-size": {
            "version": "0.1.0",
            "resolved": "https://registry.npmjs.org/window-size/-/window-size-0.1.0.tgz",
            "integrity": "sha1-VDjNLqk7IC76Ohn+iIeu58lPnJ0="
        },
        "with": {
            "version": "4.0.3",
            "resolved": "https://registry.npmjs.org/with/-/with-4.0.3.tgz",
            "integrity": "sha1-7v0VTp550sjTQXtkeo8U2f7M4U4=",
            "requires": {
                "acorn": "^1.0.1",
                "acorn-globals": "^1.0.3"
            },
            "dependencies": {
                "acorn": {
                    "version": "1.2.2",
                    "resolved": "https://registry.npmjs.org/acorn/-/acorn-1.2.2.tgz",
                    "integrity": "sha1-yM4n3grMdtiW0rH6099YjZ6C8BQ="
                }
            }
        },
        "wordwrap": {
            "version": "0.0.3",
            "resolved": "https://registry.npmjs.org/wordwrap/-/wordwrap-0.0.3.tgz",
            "integrity": "sha1-o9XabNXAvAAI03I0u68b7WMFkQc="
        },
        "wrappy": {
            "version": "1.0.2",
            "resolved": "https://registry.npmjs.org/wrappy/-/wrappy-1.0.2.tgz",
            "integrity": "sha1-tSQ9jz7BqjXxNkYFvA0QNuMKtp8="
        },
        "yargs": {
            "version": "3.10.0",
            "resolved": "https://registry.npmjs.org/yargs/-/yargs-3.10.0.tgz",
            "integrity": "sha1-9+572FfdfB0tOMDnTvvWgdFDH9E=",
            "requires": {
                "camelcase": "^1.0.2",
                "cliui": "^2.1.0",
                "decamelize": "^1.0.0",
                "window-size": "0.1.0"
            }
        }
    }
}
